
Microsoft Visual Studio Solution File, Format Version 12.00
# Visual Studio Version 17
VisualStudioVersion = 17.11.35303.130
MinimumVisualStudioVersion = 10.0.40219.1
Project("{FAE04EC0-301F-11D3-BF4B-00C04F79EFBC}") = "L2-2", "L2-2.csproj", "{0045A2D0-2C59-4197-8CE8-0B9DACE8699A}"
EndProject
Global
	GlobalSection(SolutionConfigurationPlatforms) = preSolution
		Debug|Any CPU = Debug|Any CPU
		Release|Any CPU = Release|Any CPU
	EndGlobalSection
	GlobalSection(ProjectConfigurationPlatforms) = postSolution
		{0045A2D0-2C59-4197-8CE8-0B9DACE8699A}.Debug|Any CPU.ActiveCfg = Debug|Any CPU
		{0045A2D0-2C59-4197-8CE8-0B9DACE8699A}.Debug|Any CPU.Build.0 = Debug|Any CPU
		{0045A2D0-2C59-4197-8CE8-0B9DACE8699A}.Release|Any CPU.ActiveCfg = Release|Any CPU
		{0045A2D0-2C59-4197-8CE8-0B9DACE8699A}.Release|Any CPU.Build.0 = Release|Any CPU
	EndGlobalSection
	GlobalSection(SolutionProperties) = preSolution
		HideSolutionNode = FALSE
	EndGlobalSection
	GlobalSection(ExtensibilityGlobals) = postSolution
		SolutionGuid = {FE3009B2-5B59-40C4-8627-FAE6C1FB769E}
	EndGlobalSection
EndGlobal
